<Solution>
  <Project Path="1/1.csproj" />
  <Project Path="2/2.csproj" Id="566d6b09-75dd-4a8a-846e-02afbb298aa9" />
  <Project Path="3/3.csproj" Id="41f2500b-a23c-4a0c-aa58-68aa368cffce" />
  <Project Path="4/4.csproj" Id="eb01f4f4-aa90-4aac-ae69-c74acf85ffe3" />
  <Project Path="5/5.csproj" Id="375d4a86-3ec4-4e3c-a022-9d83339e62b5" />
  <Project Path="6/6.csproj" Id="30126355-a90b-4009-b69b-192e6a37d1c5" />
  <Project Path="CommonLib/CommonLib.csproj" />
</Solution>
