
Microsoft Visual Studio Solution File, Format Version 12.00
# Visual Studio Version 17
VisualStudioVersion = 17.5.002.0
MinimumVisualStudioVersion = 10.0.40219.1
Project("{9A19103F-16F7-4668-BE54-9A1E7A4F7556}") = "1", "1\1.csproj", "{0098FD38-8027-4571-B398-E08F93AB2EE9}"
EndProject
Project("{9A19103F-16F7-4668-BE54-9A1E7A4F7556}") = "2", "2\2.csproj", "{AA600791-DB41-49DF-AF91-8905872364A2}"
EndProject
Project("{9A19103F-16F7-4668-BE54-9A1E7A4F7556}") = "3", "3\3.csproj", "{952C5C60-1C91-4056-A3FC-561892C9AE94}"
EndProject
Project("{9A19103F-16F7-4668-BE54-9A1E7A4F7556}") = "4", "4\4.csproj", "{50B19C83-A2A2-4302-AFE0-17CEFF188BAB}"
EndProject
Project("{9A19103F-16F7-4668-BE54-9A1E7A4F7556}") = "5", "5\5.csproj", "{8616DEB5-F60A-4EB5-A21D-55281486C394}"
EndProject
Project("{9A19103F-16F7-4668-BE54-9A1E7A4F7556}") = "6", "6\6.csproj", "{F15B6999-C70E-49B5-A8FF-0E702E0F644B}"
EndProject
Project("{9A19103F-16F7-4668-BE54-9A1E7A4F7556}") = "7", "7\7.csproj", "{936D074B-7C80-421B-94EA-8C9F2BDBE031}"
EndProject
Project("{FAE04EC0-301F-11D3-BF4B-00C04F79EFBC}") = "8", "8\8.csproj", "{600D531D-4DC2-4927-87BB-3B56965AB850}"
EndProject
Global
	GlobalSection(SolutionConfigurationPlatforms) = preSolution
		Debug|Any CPU = Debug|Any CPU
		Release|Any CPU = Release|Any CPU
	EndGlobalSection
	GlobalSection(ProjectConfigurationPlatforms) = postSolution
		{0098FD38-8027-4571-B398-E08F93AB2EE9}.Debug|Any CPU.ActiveCfg = Debug|Any CPU
		{0098FD38-8027-4571-B398-E08F93AB2EE9}.Debug|Any CPU.Build.0 = Debug|Any CPU
		{0098FD38-8027-4571-B398-E08F93AB2EE9}.Release|Any CPU.ActiveCfg = Release|Any CPU
		{0098FD38-8027-4571-B398-E08F93AB2EE9}.Release|Any CPU.Build.0 = Release|Any CPU
		{AA600791-DB41-49DF-AF91-8905872364A2}.Debug|Any CPU.ActiveCfg = Debug|Any CPU
		{AA600791-DB41-49DF-AF91-8905872364A2}.Debug|Any CPU.Build.0 = Debug|Any CPU
		{AA600791-DB41-49DF-AF91-8905872364A2}.Release|Any CPU.ActiveCfg = Release|Any CPU
		{AA600791-DB41-49DF-AF91-8905872364A2}.Release|Any CPU.Build.0 = Release|Any CPU
		{952C5C60-1C91-4056-A3FC-561892C9AE94}.Debug|Any CPU.ActiveCfg = Debug|Any CPU
		{952C5C60-1C91-4056-A3FC-561892C9AE94}.Debug|Any CPU.Build.0 = Debug|Any CPU
		{952C5C60-1C91-4056-A3FC-561892C9AE94}.Release|Any CPU.ActiveCfg = Release|Any CPU
		{952C5C60-1C91-4056-A3FC-561892C9AE94}.Release|Any CPU.Build.0 = Release|Any CPU
		{50B19C83-A2A2-4302-AFE0-17CEFF188BAB}.Debug|Any CPU.ActiveCfg = Debug|Any CPU
		{50B19C83-A2A2-4302-AFE0-17CEFF188BAB}.Debug|Any CPU.Build.0 = Debug|Any CPU
		{50B19C83-A2A2-4302-AFE0-17CEFF188BAB}.Release|Any CPU.ActiveCfg = Release|Any CPU
		{50B19C83-A2A2-4302-AFE0-17CEFF188BAB}.Release|Any CPU.Build.0 = Release|Any CPU
		{8616DEB5-F60A-4EB5-A21D-55281486C394}.Debug|Any CPU.ActiveCfg = Debug|Any CPU
		{8616DEB5-F60A-4EB5-A21D-55281486C394}.Debug|Any CPU.Build.0 = Debug|Any CPU
		{8616DEB5-F60A-4EB5-A21D-55281486C394}.Release|Any CPU.ActiveCfg = Release|Any CPU
		{8616DEB5-F60A-4EB5-A21D-55281486C394}.Release|Any CPU.Build.0 = Release|Any CPU
		{F15B6999-C70E-49B5-A8FF-0E702E0F644B}.Debug|Any CPU.ActiveCfg = Debug|Any CPU
		{F15B6999-C70E-49B5-A8FF-0E702E0F644B}.Debug|Any CPU.Build.0 = Debug|Any CPU
		{F15B6999-C70E-49B5-A8FF-0E702E0F644B}.Release|Any CPU.ActiveCfg = Release|Any CPU
		{F15B6999-C70E-49B5-A8FF-0E702E0F644B}.Release|Any CPU.Build.0 = Release|Any CPU
		{936D074B-7C80-421B-94EA-8C9F2BDBE031}.Debug|Any CPU.ActiveCfg = Debug|Any CPU
		{936D074B-7C80-421B-94EA-8C9F2BDBE031}.Debug|Any CPU.Build.0 = Debug|Any CPU
		{936D074B-7C80-421B-94EA-8C9F2BDBE031}.Release|Any CPU.ActiveCfg = Release|Any CPU
		{936D074B-7C80-421B-94EA-8C9F2BDBE031}.Release|Any CPU.Build.0 = Release|Any CPU
		{600D531D-4DC2-4927-87BB-3B56965AB850}.Debug|Any CPU.ActiveCfg = Debug|Any CPU
		{600D531D-4DC2-4927-87BB-3B56965AB850}.Debug|Any CPU.Build.0 = Debug|Any CPU
		{600D531D-4DC2-4927-87BB-3B56965AB850}.Release|Any CPU.ActiveCfg = Release|Any CPU
		{600D531D-4DC2-4927-87BB-3B56965AB850}.Release|Any CPU.Build.0 = Release|Any CPU
	EndGlobalSection
	GlobalSection(SolutionProperties) = preSolution
		HideSolutionNode = FALSE
	EndGlobalSection
	GlobalSection(ExtensibilityGlobals) = postSolution
		SolutionGuid = {FC933144-86A8-482F-8CBA-FE5BBA295494}
	EndGlobalSection
EndGlobal
