
Microsoft Visual Studio Solution File, Format Version 12.00
# Visual Studio Version 17
VisualStudioVersion = 17.12.35521.163 d17.12
MinimumVisualStudioVersion = 10.0.40219.1
Project("{FAE04EC0-301F-11D3-BF4B-00C04F79EFBC}") = "1", "1\1.csproj", "{B1614206-7F29-45DF-AABF-7C6C1D455CCF}"
EndProject
Project("{FAE04EC0-301F-11D3-BF4B-00C04F79EFBC}") = "2", "2\2.csproj", "{08C61288-A018-4197-99A7-8F50BB181126}"
EndProject
Project("{FAE04EC0-301F-11D3-BF4B-00C04F79EFBC}") = "3", "3\3.csproj", "{336AB8C4-1012-4070-A0A9-8CA05316DA5F}"
EndProject
Project("{FAE04EC0-301F-11D3-BF4B-00C04F79EFBC}") = "4", "4\4.csproj", "{89C554F4-D18F-468D-80E1-1DA27DFBD928}"
EndProject
Global
	GlobalSection(SolutionConfigurationPlatforms) = preSolution
		Debug|Any CPU = Debug|Any CPU
		Release|Any CPU = Release|Any CPU
	EndGlobalSection
	GlobalSection(ProjectConfigurationPlatforms) = postSolution
		{B1614206-7F29-45DF-AABF-7C6C1D455CCF}.Debug|Any CPU.ActiveCfg = Debug|Any CPU
		{B1614206-7F29-45DF-AABF-7C6C1D455CCF}.Debug|Any CPU.Build.0 = Debug|Any CPU
		{B1614206-7F29-45DF-AABF-7C6C1D455CCF}.Release|Any CPU.ActiveCfg = Release|Any CPU
		{B1614206-7F29-45DF-AABF-7C6C1D455CCF}.Release|Any CPU.Build.0 = Release|Any CPU
		{08C61288-A018-4197-99A7-8F50BB181126}.Debug|Any CPU.ActiveCfg = Debug|Any CPU
		{08C61288-A018-4197-99A7-8F50BB181126}.Debug|Any CPU.Build.0 = Debug|Any CPU
		{08C61288-A018-4197-99A7-8F50BB181126}.Release|Any CPU.ActiveCfg = Release|Any CPU
		{08C61288-A018-4197-99A7-8F50BB181126}.Release|Any CPU.Build.0 = Release|Any CPU
		{336AB8C4-1012-4070-A0A9-8CA05316DA5F}.Debug|Any CPU.ActiveCfg = Debug|Any CPU
		{336AB8C4-1012-4070-A0A9-8CA05316DA5F}.Debug|Any CPU.Build.0 = Debug|Any CPU
		{336AB8C4-1012-4070-A0A9-8CA05316DA5F}.Release|Any CPU.ActiveCfg = Release|Any CPU
		{336AB8C4-1012-4070-A0A9-8CA05316DA5F}.Release|Any CPU.Build.0 = Release|Any CPU
		{89C554F4-D18F-468D-80E1-1DA27DFBD928}.Debug|Any CPU.ActiveCfg = Debug|Any CPU
		{89C554F4-D18F-468D-80E1-1DA27DFBD928}.Debug|Any CPU.Build.0 = Debug|Any CPU
		{89C554F4-D18F-468D-80E1-1DA27DFBD928}.Release|Any CPU.ActiveCfg = Release|Any CPU
		{89C554F4-D18F-468D-80E1-1DA27DFBD928}.Release|Any CPU.Build.0 = Release|Any CPU
	EndGlobalSection
	GlobalSection(SolutionProperties) = preSolution
		HideSolutionNode = FALSE
	EndGlobalSection
EndGlobal
