
Microsoft Visual Studio Solution File, Format Version 12.00
# Visual Studio Version 17
VisualStudioVersion = 17.12.35521.163
MinimumVisualStudioVersion = 10.0.40219.1
Project("{FAE04EC0-301F-11D3-BF4B-00C04F79EFBC}") = "1", "1\1.csproj", "{B1614206-7F29-45DF-AABF-7C6C1D455CCF}"
EndProject
Project("{FAE04EC0-301F-11D3-BF4B-00C04F79EFBC}") = "2", "2\2.csproj", "{08C61288-A018-4197-99A7-8F50BB181126}"
EndProject
Project("{FAE04EC0-301F-11D3-BF4B-00C04F79EFBC}") = "3", "3\3.csproj", "{336AB8C4-1012-4070-A0A9-8CA05316DA5F}"
EndProject
Project("{FAE04EC0-301F-11D3-BF4B-00C04F79EFBC}") = "4", "4\4.csproj", "{89C554F4-D18F-468D-80E1-1DA27DFBD928}"
EndProject
Project("{FAE04EC0-301F-11D3-BF4B-00C04F79EFBC}") = "5", "5\5.csproj", "{DBCB29E3-8D2B-4460-87AE-C559CDF1F99C}"
EndProject
Project("{FAE04EC0-301F-11D3-BF4B-00C04F79EFBC}") = "CommonLib", "CommonLib\CommonLib.csproj", "{102A4C2A-52E2-4962-9F72-8822C7D7BCD1}"
EndProject
Project("{FAE04EC0-301F-11D3-BF4B-00C04F79EFBC}") = "6", "6\6.csproj", "{AF744F29-73AF-42A3-9944-73351924638A}"
EndProject
Project("{FAE04EC0-301F-11D3-BF4B-00C04F79EFBC}") = "7", "7\7.csproj", "{007B9DA7-63E1-4599-958F-B7D4BAF24DF7}"
EndProject
Project("{FAE04EC0-301F-11D3-BF4B-00C04F79EFBC}") = "8", "8\8.csproj", "{FC6363BA-681D-4BB4-97AA-6AB07A801A95}"
EndProject
Project("{FAE04EC0-301F-11D3-BF4B-00C04F79EFBC}") = "9", "9\9.csproj", "{59ADDCD5-D994-4544-837E-25FF883D497F}"
EndProject
Project("{FAE04EC0-301F-11D3-BF4B-00C04F79EFBC}") = "10", "10\10.csproj", "{51F3E99D-5BAF-465E-929F-8B7B5DAC50B9}"
EndProject
Project("{FAE04EC0-301F-11D3-BF4B-00C04F79EFBC}") = "11", "11\11.csproj", "{40900EED-C23F-424D-A7C0-63E3D693689E}"
EndProject
Project("{FAE04EC0-301F-11D3-BF4B-00C04F79EFBC}") = "12", "12\12.csproj", "{CF1A7401-B632-48EE-A479-47F008FA4864}"
EndProject
Project("{FAE04EC0-301F-11D3-BF4B-00C04F79EFBC}") = "13", "13\13.csproj", "{AAFAA769-3D5F-4600-982A-0A5FBD3C4B05}"
EndProject
Project("{FAE04EC0-301F-11D3-BF4B-00C04F79EFBC}") = "14", "14\14.csproj", "{E2ACE821-3C45-4BD0-8487-3D5015755F93}"
EndProject
Project("{FAE04EC0-301F-11D3-BF4B-00C04F79EFBC}") = "15", "15\15.csproj", "{15879AAE-22F9-4B21-9B16-4EC11465D527}"
EndProject
Project("{FAE04EC0-301F-11D3-BF4B-00C04F79EFBC}") = "16", "16\16.csproj", "{D68FA23D-5243-4FFA-82B5-2FB5B0DE0652}"
EndProject
Project("{FAE04EC0-301F-11D3-BF4B-00C04F79EFBC}") = "17", "17\17.csproj", "{B7047E05-1A55-4E70-B602-EE820A045CD5}"
EndProject
Project("{FAE04EC0-301F-11D3-BF4B-00C04F79EFBC}") = "18", "18\18.csproj", "{AA9FCB70-EBC3-46F6-9D82-85F8FBA23D9D}"
EndProject
Project("{FAE04EC0-301F-11D3-BF4B-00C04F79EFBC}") = "19", "19\19.csproj", "{BEBD2A6B-EEB5-44E8-B2AD-42961AB98EA7}"
EndProject
Project("{FAE04EC0-301F-11D3-BF4B-00C04F79EFBC}") = "20", "20\20.csproj", "{E5EB0EA0-60BB-45FB-AC91-04449AFCCE36}"
EndProject
Project("{FAE04EC0-301F-11D3-BF4B-00C04F79EFBC}") = "21", "21\21.csproj", "{17C1D390-E770-433C-93EC-F15C0355DC5C}"
EndProject
Global
	GlobalSection(SolutionConfigurationPlatforms) = preSolution
		Debug|Any CPU = Debug|Any CPU
		Release|Any CPU = Release|Any CPU
	EndGlobalSection
	GlobalSection(ProjectConfigurationPlatforms) = postSolution
		{B1614206-7F29-45DF-AABF-7C6C1D455CCF}.Debug|Any CPU.ActiveCfg = Debug|Any CPU
		{B1614206-7F29-45DF-AABF-7C6C1D455CCF}.Debug|Any CPU.Build.0 = Debug|Any CPU
		{B1614206-7F29-45DF-AABF-7C6C1D455CCF}.Release|Any CPU.ActiveCfg = Release|Any CPU
		{B1614206-7F29-45DF-AABF-7C6C1D455CCF}.Release|Any CPU.Build.0 = Release|Any CPU
		{08C61288-A018-4197-99A7-8F50BB181126}.Debug|Any CPU.ActiveCfg = Debug|Any CPU
		{08C61288-A018-4197-99A7-8F50BB181126}.Debug|Any CPU.Build.0 = Debug|Any CPU
		{08C61288-A018-4197-99A7-8F50BB181126}.Release|Any CPU.ActiveCfg = Release|Any CPU
		{08C61288-A018-4197-99A7-8F50BB181126}.Release|Any CPU.Build.0 = Release|Any CPU
		{336AB8C4-1012-4070-A0A9-8CA05316DA5F}.Debug|Any CPU.ActiveCfg = Debug|Any CPU
		{336AB8C4-1012-4070-A0A9-8CA05316DA5F}.Debug|Any CPU.Build.0 = Debug|Any CPU
		{336AB8C4-1012-4070-A0A9-8CA05316DA5F}.Release|Any CPU.ActiveCfg = Release|Any CPU
		{336AB8C4-1012-4070-A0A9-8CA05316DA5F}.Release|Any CPU.Build.0 = Release|Any CPU
		{89C554F4-D18F-468D-80E1-1DA27DFBD928}.Debug|Any CPU.ActiveCfg = Debug|Any CPU
		{89C554F4-D18F-468D-80E1-1DA27DFBD928}.Debug|Any CPU.Build.0 = Debug|Any CPU
		{89C554F4-D18F-468D-80E1-1DA27DFBD928}.Release|Any CPU.ActiveCfg = Release|Any CPU
		{89C554F4-D18F-468D-80E1-1DA27DFBD928}.Release|Any CPU.Build.0 = Release|Any CPU
		{DBCB29E3-8D2B-4460-87AE-C559CDF1F99C}.Debug|Any CPU.ActiveCfg = Debug|Any CPU
		{DBCB29E3-8D2B-4460-87AE-C559CDF1F99C}.Debug|Any CPU.Build.0 = Debug|Any CPU
		{DBCB29E3-8D2B-4460-87AE-C559CDF1F99C}.Release|Any CPU.ActiveCfg = Release|Any CPU
		{DBCB29E3-8D2B-4460-87AE-C559CDF1F99C}.Release|Any CPU.Build.0 = Release|Any CPU
		{102A4C2A-52E2-4962-9F72-8822C7D7BCD1}.Debug|Any CPU.ActiveCfg = Debug|Any CPU
		{102A4C2A-52E2-4962-9F72-8822C7D7BCD1}.Debug|Any CPU.Build.0 = Debug|Any CPU
		{102A4C2A-52E2-4962-9F72-8822C7D7BCD1}.Release|Any CPU.ActiveCfg = Release|Any CPU
		{102A4C2A-52E2-4962-9F72-8822C7D7BCD1}.Release|Any CPU.Build.0 = Release|Any CPU
		{AF744F29-73AF-42A3-9944-73351924638A}.Debug|Any CPU.ActiveCfg = Debug|Any CPU
		{AF744F29-73AF-42A3-9944-73351924638A}.Debug|Any CPU.Build.0 = Debug|Any CPU
		{AF744F29-73AF-42A3-9944-73351924638A}.Release|Any CPU.ActiveCfg = Release|Any CPU
		{AF744F29-73AF-42A3-9944-73351924638A}.Release|Any CPU.Build.0 = Release|Any CPU
		{007B9DA7-63E1-4599-958F-B7D4BAF24DF7}.Debug|Any CPU.ActiveCfg = Debug|Any CPU
		{007B9DA7-63E1-4599-958F-B7D4BAF24DF7}.Debug|Any CPU.Build.0 = Debug|Any CPU
		{007B9DA7-63E1-4599-958F-B7D4BAF24DF7}.Release|Any CPU.ActiveCfg = Release|Any CPU
		{007B9DA7-63E1-4599-958F-B7D4BAF24DF7}.Release|Any CPU.Build.0 = Release|Any CPU
		{FC6363BA-681D-4BB4-97AA-6AB07A801A95}.Debug|Any CPU.ActiveCfg = Debug|Any CPU
		{FC6363BA-681D-4BB4-97AA-6AB07A801A95}.Debug|Any CPU.Build.0 = Debug|Any CPU
		{FC6363BA-681D-4BB4-97AA-6AB07A801A95}.Release|Any CPU.ActiveCfg = Release|Any CPU
		{FC6363BA-681D-4BB4-97AA-6AB07A801A95}.Release|Any CPU.Build.0 = Release|Any CPU
		{59ADDCD5-D994-4544-837E-25FF883D497F}.Debug|Any CPU.ActiveCfg = Debug|Any CPU
		{59ADDCD5-D994-4544-837E-25FF883D497F}.Debug|Any CPU.Build.0 = Debug|Any CPU
		{59ADDCD5-D994-4544-837E-25FF883D497F}.Release|Any CPU.ActiveCfg = Release|Any CPU
		{59ADDCD5-D994-4544-837E-25FF883D497F}.Release|Any CPU.Build.0 = Release|Any CPU
		{51F3E99D-5BAF-465E-929F-8B7B5DAC50B9}.Debug|Any CPU.ActiveCfg = Debug|Any CPU
		{51F3E99D-5BAF-465E-929F-8B7B5DAC50B9}.Debug|Any CPU.Build.0 = Debug|Any CPU
		{51F3E99D-5BAF-465E-929F-8B7B5DAC50B9}.Release|Any CPU.ActiveCfg = Release|Any CPU
		{51F3E99D-5BAF-465E-929F-8B7B5DAC50B9}.Release|Any CPU.Build.0 = Release|Any CPU
		{40900EED-C23F-424D-A7C0-63E3D693689E}.Debug|Any CPU.ActiveCfg = Debug|Any CPU
		{40900EED-C23F-424D-A7C0-63E3D693689E}.Debug|Any CPU.Build.0 = Debug|Any CPU
		{40900EED-C23F-424D-A7C0-63E3D693689E}.Release|Any CPU.ActiveCfg = Release|Any CPU
		{40900EED-C23F-424D-A7C0-63E3D693689E}.Release|Any CPU.Build.0 = Release|Any CPU
		{CF1A7401-B632-48EE-A479-47F008FA4864}.Debug|Any CPU.ActiveCfg = Debug|Any CPU
		{CF1A7401-B632-48EE-A479-47F008FA4864}.Debug|Any CPU.Build.0 = Debug|Any CPU
		{CF1A7401-B632-48EE-A479-47F008FA4864}.Release|Any CPU.ActiveCfg = Release|Any CPU
		{CF1A7401-B632-48EE-A479-47F008FA4864}.Release|Any CPU.Build.0 = Release|Any CPU
		{AAFAA769-3D5F-4600-982A-0A5FBD3C4B05}.Debug|Any CPU.ActiveCfg = Debug|Any CPU
		{AAFAA769-3D5F-4600-982A-0A5FBD3C4B05}.Debug|Any CPU.Build.0 = Debug|Any CPU
		{AAFAA769-3D5F-4600-982A-0A5FBD3C4B05}.Release|Any CPU.ActiveCfg = Release|Any CPU
		{AAFAA769-3D5F-4600-982A-0A5FBD3C4B05}.Release|Any CPU.Build.0 = Release|Any CPU
		{E2ACE821-3C45-4BD0-8487-3D5015755F93}.Debug|Any CPU.ActiveCfg = Debug|Any CPU
		{E2ACE821-3C45-4BD0-8487-3D5015755F93}.Debug|Any CPU.Build.0 = Debug|Any CPU
		{E2ACE821-3C45-4BD0-8487-3D5015755F93}.Release|Any CPU.ActiveCfg = Release|Any CPU
		{E2ACE821-3C45-4BD0-8487-3D5015755F93}.Release|Any CPU.Build.0 = Release|Any CPU
		{15879AAE-22F9-4B21-9B16-4EC11465D527}.Debug|Any CPU.ActiveCfg = Debug|Any CPU
		{15879AAE-22F9-4B21-9B16-4EC11465D527}.Debug|Any CPU.Build.0 = Debug|Any CPU
		{15879AAE-22F9-4B21-9B16-4EC11465D527}.Release|Any CPU.ActiveCfg = Release|Any CPU
		{15879AAE-22F9-4B21-9B16-4EC11465D527}.Release|Any CPU.Build.0 = Release|Any CPU
		{D68FA23D-5243-4FFA-82B5-2FB5B0DE0652}.Debug|Any CPU.ActiveCfg = Debug|Any CPU
		{D68FA23D-5243-4FFA-82B5-2FB5B0DE0652}.Debug|Any CPU.Build.0 = Debug|Any CPU
		{D68FA23D-5243-4FFA-82B5-2FB5B0DE0652}.Release|Any CPU.ActiveCfg = Release|Any CPU
		{D68FA23D-5243-4FFA-82B5-2FB5B0DE0652}.Release|Any CPU.Build.0 = Release|Any CPU
		{B7047E05-1A55-4E70-B602-EE820A045CD5}.Debug|Any CPU.ActiveCfg = Debug|Any CPU
		{B7047E05-1A55-4E70-B602-EE820A045CD5}.Debug|Any CPU.Build.0 = Debug|Any CPU
		{B7047E05-1A55-4E70-B602-EE820A045CD5}.Release|Any CPU.ActiveCfg = Release|Any CPU
		{B7047E05-1A55-4E70-B602-EE820A045CD5}.Release|Any CPU.Build.0 = Release|Any CPU
		{AA9FCB70-EBC3-46F6-9D82-85F8FBA23D9D}.Debug|Any CPU.ActiveCfg = Debug|Any CPU
		{AA9FCB70-EBC3-46F6-9D82-85F8FBA23D9D}.Debug|Any CPU.Build.0 = Debug|Any CPU
		{AA9FCB70-EBC3-46F6-9D82-85F8FBA23D9D}.Release|Any CPU.ActiveCfg = Release|Any CPU
		{AA9FCB70-EBC3-46F6-9D82-85F8FBA23D9D}.Release|Any CPU.Build.0 = Release|Any CPU
		{BEBD2A6B-EEB5-44E8-B2AD-42961AB98EA7}.Debug|Any CPU.ActiveCfg = Debug|Any CPU
		{BEBD2A6B-EEB5-44E8-B2AD-42961AB98EA7}.Debug|Any CPU.Build.0 = Debug|Any CPU
		{BEBD2A6B-EEB5-44E8-B2AD-42961AB98EA7}.Release|Any CPU.ActiveCfg = Release|Any CPU
		{BEBD2A6B-EEB5-44E8-B2AD-42961AB98EA7}.Release|Any CPU.Build.0 = Release|Any CPU
		{E5EB0EA0-60BB-45FB-AC91-04449AFCCE36}.Debug|Any CPU.ActiveCfg = Debug|Any CPU
		{E5EB0EA0-60BB-45FB-AC91-04449AFCCE36}.Debug|Any CPU.Build.0 = Debug|Any CPU
		{E5EB0EA0-60BB-45FB-AC91-04449AFCCE36}.Release|Any CPU.ActiveCfg = Release|Any CPU
		{E5EB0EA0-60BB-45FB-AC91-04449AFCCE36}.Release|Any CPU.Build.0 = Release|Any CPU
		{17C1D390-E770-433C-93EC-F15C0355DC5C}.Debug|Any CPU.ActiveCfg = Debug|Any CPU
		{17C1D390-E770-433C-93EC-F15C0355DC5C}.Debug|Any CPU.Build.0 = Debug|Any CPU
		{17C1D390-E770-433C-93EC-F15C0355DC5C}.Release|Any CPU.ActiveCfg = Release|Any CPU
		{17C1D390-E770-433C-93EC-F15C0355DC5C}.Release|Any CPU.Build.0 = Release|Any CPU
	EndGlobalSection
	GlobalSection(SolutionProperties) = preSolution
		HideSolutionNode = FALSE
	EndGlobalSection
EndGlobal
