<Solution>
  <Project Path="01/01.csproj" />
  <Project Path="02/02.csproj" Id="ae0ad1a3-d050-471e-8833-84ffc5e9438e" />
  <Project Path="03/03.csproj" Id="21f33728-7c28-454a-be01-d470e01aafd8" />
  <Project Path="04/04.csproj" Id="69d1ec49-0cdd-41a5-abdc-3108a5c202b2" />
  <Project Path="05/05.csproj" Id="f0bfba68-bf97-44b7-9d96-ec34a93e0840" />
  <Project Path="06/06.csproj" Id="e4069247-83b3-4810-a551-6863b5c5127f" />
  <Project Path="07/07.csproj" Id="57760cb6-0853-4ed4-8da8-970edb0ddcad" />
  <Project Path="08/08.csproj" Id="803ec50e-a6f1-4717-976d-f63d12c1df9a" />
  <Project Path="09/09.csproj" Id="d8380a4b-bc6f-4b49-939d-c3270bd9f99a" />
  <Project Path="10/10.csproj" Id="4f78a478-34f9-45f6-bdef-249859c162cb" />
  <Project Path="11/11.csproj" Id="31c77904-b8a3-4cd7-b09c-b429e9fe40f0" />
  <Project Path="12/12.csproj" Id="99531307-c185-4d76-8f3a-054c8e06ee17" />
  <Project Path="13/13.csproj" Id="8d3945a6-4dd5-42bb-9de3-045fcf5dae2f" />
  <Project Path="14/14.csproj" Id="2ec8f857-75a6-43cc-8d56-2356abbb7bb5" />
  <Project Path="15/15.csproj" Id="aec92f24-5000-4a5c-b050-15ee8fc1c5db" />
  <Project Path="16/16.csproj" Id="723c35b5-ee0a-4682-b038-04cc883d2024" />
  <Project Path="17/17.csproj" Id="09623b11-ade2-4c9c-a4b1-f0fdc4cccf3c" />
  <Project Path="18/18.csproj" Id="be7e329a-0ac9-45bd-9a0e-bc74031d4801" />
  <Project Path="19/19.csproj" Id="137ca8dc-b485-436c-8f77-8fdc3e969da3" />
  <Project Path="CommonLib/CommonLib.csproj" />
</Solution>
